// !$*UTF8*$!
{
	archiveVersion = 1;
	classes = {
	};
	objectVersion = 46;
	objects = {

/* Begin PBXBuildFile section */
		188B66BA1DBBF28800A0601C /* FeedViewController.swift in Sources */ = {isa = PBXBuildFile; fileRef = 188B66B91DBBF28800A0601C /* FeedViewController.swift */; };
		188B66BC1DBBF92500A0601C /* ScrollViewController.swift in Sources */ = {isa = PBXBuildFile; fileRef = 188B66BB1DBBF92500A0601C /* ScrollViewController.swift */; };
		189634331DBA9D6C00B477EF /* DismissViewController.swift in Sources */ = {isa = PBXBuildFile; fileRef = 189634321DBA9D6C00B477EF /* DismissViewController.swift */; };
		FA14FA201DB8653D00423261 /* AppDelegate.swift in Sources */ = {isa = PBXBuildFile; fileRef = FA14FA1F1DB8653D00423261 /* AppDelegate.swift */; };
		FA14FA221DB8653D00423261 /* ViewController.swift in Sources */ = {isa = PBXBuildFile; fileRef = FA14FA211DB8653D00423261 /* ViewController.swift */; };
		FA14FA251DB8653D00423261 /* Main.storyboard in Resources */ = {isa = PBXBuildFile; fileRef = FA14FA231DB8653D00423261 /* Main.storyboard */; };
		FA14FA271DB8653D00423261 /* Assets.xcassets in Resources */ = {isa = PBXBuildFile; fileRef = FA14FA261DB8653D00423261 /* Assets.xcassets */; };
		FA14FA2A1DB8653D00423261 /* LaunchScreen.storyboard in Resources */ = {isa = PBXBuildFile; fileRef = FA14FA281DB8653D00423261 /* LaunchScreen.storyboard */; };
		FA14FA351DB8653D00423261 /* DropBoxDemoTests.swift in Sources */ = {isa = PBXBuildFile; fileRef = FA14FA341DB8653D00423261 /* DropBoxDemoTests.swift */; };
		FA14FA401DB8653D00423261 /* DropBoxDemoUITests.swift in Sources */ = {isa = PBXBuildFile; fileRef = FA14FA3F1DB8653D00423261 /* DropBoxDemoUITests.swift */; };
		FA9ED32F1DB9768B00132C21 /* LoginViewController.swift in Sources */ = {isa = PBXBuildFile; fileRef = FA9ED32E1DB9768B00132C21 /* LoginViewController.swift */; };
		FA9ED3311DB9786F00132C21 /* AutoSegueViewController.swift in Sources */ = {isa = PBXBuildFile; fileRef = FA9ED3301DB9786F00132C21 /* AutoSegueViewController.swift */; };
		FA9ED3331DB97CCC00132C21 /* GoBackViewController.swift in Sources */ = {isa = PBXBuildFile; fileRef = FA9ED3321DB97CCC00132C21 /* GoBackViewController.swift */; };
/* End PBXBuildFile section */

/* Begin PBXContainerItemProxy section */
		FA14FA311DB8653D00423261 /* PBXContainerItemProxy */ = {
			isa = PBXContainerItemProxy;
			containerPortal = FA14FA141DB8653C00423261 /* Project object */;
			proxyType = 1;
			remoteGlobalIDString = FA14FA1B1DB8653C00423261;
			remoteInfo = DropBoxDemo;
		};
		FA14FA3C1DB8653D00423261 /* PBXContainerItemProxy */ = {
			isa = PBXContainerItemProxy;
			containerPortal = FA14FA141DB8653C00423261 /* Project object */;
			proxyType = 1;
			remoteGlobalIDString = FA14FA1B1DB8653C00423261;
			remoteInfo = DropBoxDemo;
		};
/* End PBXContainerItemProxy section */

/* Begin PBXFileReference section */
		188B66B91DBBF28800A0601C /* FeedViewController.swift */ = {isa = PBXFileReference; fileEncoding = 4; lastKnownFileType = sourcecode.swift; path = FeedViewController.swift; sourceTree = "<group>"; };
		188B66BB1DBBF92500A0601C /* ScrollViewController.swift */ = {isa = PBXFileReference; fileEncoding = 4; lastKnownFileType = sourcecode.swift; path = ScrollViewController.swift; sourceTree = "<group>"; };
		189634321DBA9D6C00B477EF /* DismissViewController.swift */ = {isa = PBXFileReference; fileEncoding = 4; lastKnownFileType = sourcecode.swift; path = DismissViewController.swift; sourceTree = "<group>"; };
		FA14FA1C1DB8653D00423261 /* DropBoxDemo.app */ = {isa = PBXFileReference; explicitFileType = wrapper.application; includeInIndex = 0; path = DropBoxDemo.app; sourceTree = BUILT_PRODUCTS_DIR; };
		FA14FA1F1DB8653D00423261 /* AppDelegate.swift */ = {isa = PBXFileReference; lastKnownFileType = sourcecode.swift; path = AppDelegate.swift; sourceTree = "<group>"; };
		FA14FA211DB8653D00423261 /* ViewController.swift */ = {isa = PBXFileReference; lastKnownFileType = sourcecode.swift; path = ViewController.swift; sourceTree = "<group>"; };
		FA14FA241DB8653D00423261 /* Base */ = {isa = PBXFileReference; lastKnownFileType = file.storyboard; name = Base; path = Base.lproj/Main.storyboard; sourceTree = "<group>"; };
		FA14FA261DB8653D00423261 /* Assets.xcassets */ = {isa = PBXFileReference; lastKnownFileType = folder.assetcatalog; path = Assets.xcassets; sourceTree = "<group>"; };
		FA14FA291DB8653D00423261 /* Base */ = {isa = PBXFileReference; lastKnownFileType = file.storyboard; name = Base; path = Base.lproj/LaunchScreen.storyboard; sourceTree = "<group>"; };
		FA14FA2B1DB8653D00423261 /* Info.plist */ = {isa = PBXFileReference; lastKnownFileType = text.plist.xml; path = Info.plist; sourceTree = "<group>"; };
		FA14FA301DB8653D00423261 /* DropBoxDemoTests.xctest */ = {isa = PBXFileReference; explicitFileType = wrapper.cfbundle; includeInIndex = 0; path = DropBoxDemoTests.xctest; sourceTree = BUILT_PRODUCTS_DIR; };
		FA14FA341DB8653D00423261 /* DropBoxDemoTests.swift */ = {isa = PBXFileReference; lastKnownFileType = sourcecode.swift; path = DropBoxDemoTests.swift; sourceTree = "<group>"; };
		FA14FA361DB8653D00423261 /* Info.plist */ = {isa = PBXFileReference; lastKnownFileType = text.plist.xml; path = Info.plist; sourceTree = "<group>"; };
		FA14FA3B1DB8653D00423261 /* DropBoxDemoUITests.xctest */ = {isa = PBXFileReference; explicitFileType = wrapper.cfbundle; includeInIndex = 0; path = DropBoxDemoUITests.xctest; sourceTree = BUILT_PRODUCTS_DIR; };
		FA14FA3F1DB8653D00423261 /* DropBoxDemoUITests.swift */ = {isa = PBXFileReference; lastKnownFileType = sourcecode.swift; path = DropBoxDemoUITests.swift; sourceTree = "<group>"; };
		FA14FA411DB8653D00423261 /* Info.plist */ = {isa = PBXFileReference; lastKnownFileType = text.plist.xml; path = Info.plist; sourceTree = "<group>"; };
		FA9ED32E1DB9768B00132C21 /* LoginViewController.swift */ = {isa = PBXFileReference; fileEncoding = 4; lastKnownFileType = sourcecode.swift; path = LoginViewController.swift; sourceTree = "<group>"; };
		FA9ED3301DB9786F00132C21 /* AutoSegueViewController.swift */ = {isa = PBXFileReference; fileEncoding = 4; lastKnownFileType = sourcecode.swift; path = AutoSegueViewController.swift; sourceTree = "<group>"; };
		FA9ED3321DB97CCC00132C21 /* GoBackViewController.swift */ = {isa = PBXFileReference; fileEncoding = 4; lastKnownFileType = sourcecode.swift; path = GoBackViewController.swift; sourceTree = "<group>"; };
/* End PBXFileReference section */

/* Begin PBXFrameworksBuildPhase section */
		FA14FA191DB8653C00423261 /* Frameworks */ = {
			isa = PBXFrameworksBuildPhase;
			buildActionMask = 2147483647;
			files = (
			);
			runOnlyForDeploymentPostprocessing = 0;
		};
		FA14FA2D1DB8653D00423261 /* Frameworks */ = {
			isa = PBXFrameworksBuildPhase;
			buildActionMask = 2147483647;
			files = (
			);
			runOnlyForDeploymentPostprocessing = 0;
		};
		FA14FA381DB8653D00423261 /* Frameworks */ = {
			isa = PBXFrameworksBuildPhase;
			buildActionMask = 2147483647;
			files = (
			);
			runOnlyForDeploymentPostprocessing = 0;
		};
/* End PBXFrameworksBuildPhase section */

/* Begin PBXGroup section */
		FA14FA131DB8653C00423261 = {
			isa = PBXGroup;
			children = (
				FA14FA1E1DB8653D00423261 /* DropBoxDemo */,
				FA14FA331DB8653D00423261 /* DropBoxDemoTests */,
				FA14FA3E1DB8653D00423261 /* DropBoxDemoUITests */,
				FA14FA1D1DB8653D00423261 /* Products */,
			);
			sourceTree = "<group>";
		};
		FA14FA1D1DB8653D00423261 /* Products */ = {
			isa = PBXGroup;
			children = (
				FA14FA1C1DB8653D00423261 /* DropBoxDemo.app */,
				FA14FA301DB8653D00423261 /* DropBoxDemoTests.xctest */,
				FA14FA3B1DB8653D00423261 /* DropBoxDemoUITests.xctest */,
			);
			name = Products;
			sourceTree = "<group>";
		};
		FA14FA1E1DB8653D00423261 /* DropBoxDemo */ = {
			isa = PBXGroup;
			children = (
				FA9ED32B1DB9762100132C21 /* Classes */,
				FA14FA1F1DB8653D00423261 /* AppDelegate.swift */,
				FA14FA211DB8653D00423261 /* ViewController.swift */,
				FA14FA231DB8653D00423261 /* Main.storyboard */,
				188B66B91DBBF28800A0601C /* FeedViewController.swift */,
				FA14FA261DB8653D00423261 /* Assets.xcassets */,
				FA14FA281DB8653D00423261 /* LaunchScreen.storyboard */,
				FA14FA2B1DB8653D00423261 /* Info.plist */,
			);
			path = DropBoxDemo;
			sourceTree = "<group>";
		};
		FA14FA331DB8653D00423261 /* DropBoxDemoTests */ = {
			isa = PBXGroup;
			children = (
				FA14FA341DB8653D00423261 /* DropBoxDemoTests.swift */,
				FA14FA361DB8653D00423261 /* Info.plist */,
			);
			path = DropBoxDemoTests;
			sourceTree = "<group>";
		};
		FA14FA3E1DB8653D00423261 /* DropBoxDemoUITests */ = {
			isa = PBXGroup;
			children = (
				FA14FA3F1DB8653D00423261 /* DropBoxDemoUITests.swift */,
				FA14FA411DB8653D00423261 /* Info.plist */,
			);
			path = DropBoxDemoUITests;
			sourceTree = "<group>";
		};
		FA9ED32B1DB9762100132C21 /* Classes */ = {
			isa = PBXGroup;
			children = (
				FA9ED32E1DB9768B00132C21 /* LoginViewController.swift */,
				FA9ED3301DB9786F00132C21 /* AutoSegueViewController.swift */,
				FA9ED3321DB97CCC00132C21 /* GoBackViewController.swift */,
				189634321DBA9D6C00B477EF /* DismissViewController.swift */,
				188B66BB1DBBF92500A0601C /* ScrollViewController.swift */,
			);
			name = Classes;
			sourceTree = "<group>";
		};
/* End PBXGroup section */

/* Begin PBXNativeTarget section */
		FA14FA1B1DB8653C00423261 /* DropBoxDemo */ = {
			isa = PBXNativeTarget;
			buildConfigurationList = FA14FA441DB8653D00423261 /* Build configuration list for PBXNativeTarget "DropBoxDemo" */;
			buildPhases = (
				FA14FA181DB8653C00423261 /* Sources */,
				FA14FA191DB8653C00423261 /* Frameworks */,
				FA14FA1A1DB8653C00423261 /* Resources */,
			);
			buildRules = (
			);
			dependencies = (
			);
			name = DropBoxDemo;
			productName = DropBoxDemo;
			productReference = FA14FA1C1DB8653D00423261 /* DropBoxDemo.app */;
			productType = "com.apple.product-type.application";
		};
		FA14FA2F1DB8653D00423261 /* DropBoxDemoTests */ = {
			isa = PBXNativeTarget;
			buildConfigurationList = FA14FA471DB8653D00423261 /* Build configuration list for PBXNativeTarget "DropBoxDemoTests" */;
			buildPhases = (
				FA14FA2C1DB8653D00423261 /* Sources */,
				FA14FA2D1DB8653D00423261 /* Frameworks */,
				FA14FA2E1DB8653D00423261 /* Resources */,
			);
			buildRules = (
			);
			dependencies = (
				FA14FA321DB8653D00423261 /* PBXTargetDependency */,
			);
			name = DropBoxDemoTests;
			productName = DropBoxDemoTests;
			productReference = FA14FA301DB8653D00423261 /* DropBoxDemoTests.xctest */;
			productType = "com.apple.product-type.bundle.unit-test";
		};
		FA14FA3A1DB8653D00423261 /* DropBoxDemoUITests */ = {
			isa = PBXNativeTarget;
			buildConfigurationList = FA14FA4A1DB8653D00423261 /* Build configuration list for PBXNativeTarget "DropBoxDemoUITests" */;
			buildPhases = (
				FA14FA371DB8653D00423261 /* Sources */,
				FA14FA381DB8653D00423261 /* Frameworks */,
				FA14FA391DB8653D00423261 /* Resources */,
			);
			buildRules = (
			);
			dependencies = (
				FA14FA3D1DB8653D00423261 /* PBXTargetDependency */,
			);
			name = DropBoxDemoUITests;
			productName = DropBoxDemoUITests;
			productReference = FA14FA3B1DB8653D00423261 /* DropBoxDemoUITests.xctest */;
			productType = "com.apple.product-type.bundle.ui-testing";
		};
/* End PBXNativeTarget section */

/* Begin PBXProject section */
		FA14FA141DB8653C00423261 /* Project object */ = {
			isa = PBXProject;
			attributes = {
				LastSwiftUpdateCheck = 0800;
				LastUpgradeCheck = 0800;
				ORGANIZATIONNAME = Alex;
				TargetAttributes = {
					FA14FA1B1DB8653C00423261 = {
						CreatedOnToolsVersion = 8.0;
						DevelopmentTeam = 6M6G8U73MP;
						ProvisioningStyle = Automatic;
					};
					FA14FA2F1DB8653D00423261 = {
						CreatedOnToolsVersion = 8.0;
						DevelopmentTeam = 6M6G8U73MP;
						ProvisioningStyle = Automatic;
						TestTargetID = FA14FA1B1DB8653C00423261;
					};
					FA14FA3A1DB8653D00423261 = {
						CreatedOnToolsVersion = 8.0;
						DevelopmentTeam = 6M6G8U73MP;
						ProvisioningStyle = Automatic;
						TestTargetID = FA14FA1B1DB8653C00423261;
					};
				};
			};
			buildConfigurationList = FA14FA171DB8653C00423261 /* Build configuration list for PBXProject "DropBoxDemo" */;
			compatibilityVersion = "Xcode 3.2";
			developmentRegion = English;
			hasScannedForEncodings = 0;
			knownRegions = (
				en,
				Base,
			);
			mainGroup = FA14FA131DB8653C00423261;
			productRefGroup = FA14FA1D1DB8653D00423261 /* Products */;
			projectDirPath = "";
			projectRoot = "";
			targets = (
				FA14FA1B1DB8653C00423261 /* DropBoxDemo */,
				FA14FA2F1DB8653D00423261 /* DropBoxDemoTests */,
				FA14FA3A1DB8653D00423261 /* DropBoxDemoUITests */,
			);
		};
/* End PBXProject section */

/* Begin PBXResourcesBuildPhase section */
		FA14FA1A1DB8653C00423261 /* Resources */ = {
			isa = PBXResourcesBuildPhase;
			buildActionMask = 2147483647;
			files = (
				FA14FA2A1DB8653D00423261 /* LaunchScreen.storyboard in Resources */,
				FA14FA271DB8653D00423261 /* Assets.xcassets in Resources */,
				FA14FA251DB8653D00423261 /* Main.storyboard in Resources */,
			);
			runOnlyForDeploymentPostprocessing = 0;
		};
		FA14FA2E1DB8653D00423261 /* Resources */ = {
			isa = PBXResourcesBuildPhase;
			buildActionMask = 2147483647;
			files = (
			);
			runOnlyForDeploymentPostprocessing = 0;
		};
		FA14FA391DB8653D00423261 /* Resources */ = {
			isa = PBXResourcesBuildPhase;
			buildActionMask = 2147483647;
			files = (
			);
			runOnlyForDeploymentPostprocessing = 0;
		};
/* End PBXResourcesBuildPhase section */

/* Begin PBXSourcesBuildPhase section */
		FA14FA181DB8653C00423261 /* Sources */ = {
			isa = PBXSourcesBuildPhase;
			buildActionMask = 2147483647;
			files = (
				FA9ED32F1DB9768B00132C21 /* LoginViewController.swift in Sources */,
				FA9ED3331DB97CCC00132C21 /* GoBackViewController.swift in Sources */,
				FA9ED3311DB9786F00132C21 /* AutoSegueViewController.swift in Sources */,
				188B66BC1DBBF92500A0601C /* ScrollViewController.swift in Sources */,
				FA14FA221DB8653D00423261 /* ViewController.swift in Sources */,
				FA14FA201DB8653D00423261 /* AppDelegate.swift in Sources */,
				188B66BA1DBBF28800A0601C /* FeedViewController.swift in Sources */,
				189634331DBA9D6C00B477EF /* DismissViewController.swift in Sources */,
			);
			runOnlyForDeploymentPostprocessing = 0;
		};
		FA14FA2C1DB8653D00423261 /* Sources */ = {
			isa = PBXSourcesBuildPhase;
			buildActionMask = 2147483647;
			files = (
				FA14FA351DB8653D00423261 /* DropBoxDemoTests.swift in Sources */,
			);
			runOnlyForDeploymentPostprocessing = 0;
		};
		FA14FA371DB8653D00423261 /* Sources */ = {
			isa = PBXSourcesBuildPhase;
			buildActionMask = 2147483647;
			files = (
				FA14FA401DB8653D00423261 /* DropBoxDemoUITests.swift in Sources */,
			);
			runOnlyForDeploymentPostprocessing = 0;
		};
/* End PBXSourcesBuildPhase section */

/* Begin PBXTargetDependency section */
		FA14FA321DB8653D00423261 /* PBXTargetDependency */ = {
			isa = PBXTargetDependency;
			target = FA14FA1B1DB8653C00423261 /* DropBoxDemo */;
			targetProxy = FA14FA311DB8653D00423261 /* PBXContainerItemProxy */;
		};
		FA14FA3D1DB8653D00423261 /* PBXTargetDependency */ = {
			isa = PBXTargetDependency;
			target = FA14FA1B1DB8653C00423261 /* DropBoxDemo */;
			targetProxy = FA14FA3C1DB8653D00423261 /* PBXContainerItemProxy */;
		};
/* End PBXTargetDependency section */

/* Begin PBXVariantGroup section */
		FA14FA231DB8653D00423261 /* Main.storyboard */ = {
			isa = PBXVariantGroup;
			children = (
				FA14FA241DB8653D00423261 /* Base */,
			);
			name = Main.storyboard;
			sourceTree = "<group>";
		};
		FA14FA281DB8653D00423261 /* LaunchScreen.storyboard */ = {
			isa = PBXVariantGroup;
			children = (
				FA14FA291DB8653D00423261 /* Base */,
			);
			name = LaunchScreen.storyboard;
			sourceTree = "<group>";
		};
/* End PBXVariantGroup section */

/* Begin XCBuildConfiguration section */
		FA14FA421DB8653D00423261 /* Debug */ = {
			isa = XCBuildConfiguration;
			buildSettings = {
				ALWAYS_SEARCH_USER_PATHS = NO;
				CLANG_ANALYZER_NONNULL = YES;
				CLANG_CXX_LANGUAGE_STANDARD = "gnu++0x";
				CLANG_CXX_LIBRARY = "libc++";
				CLANG_ENABLE_MODULES = YES;
				CLANG_ENABLE_OBJC_ARC = YES;
				CLANG_WARN_BOOL_CONVERSION = YES;
				CLANG_WARN_CONSTANT_CONVERSION = YES;
				CLANG_WARN_DIRECT_OBJC_ISA_USAGE = YES_ERROR;
				CLANG_WARN_DOCUMENTATION_COMMENTS = YES;
				CLANG_WARN_EMPTY_BODY = YES;
				CLANG_WARN_ENUM_CONVERSION = YES;
				CLANG_WARN_INFINITE_RECURSION = YES;
				CLANG_WARN_INT_CONVERSION = YES;
				CLANG_WARN_OBJC_ROOT_CLASS = YES_ERROR;
				CLANG_WARN_SUSPICIOUS_MOVES = YES;
				CLANG_WARN_UNREACHABLE_CODE = YES;
				CLANG_WARN__DUPLICATE_METHOD_MATCH = YES;
				"CODE_SIGN_IDENTITY[sdk=iphoneos*]" = "iPhone Developer";
				COPY_PHASE_STRIP = NO;
				DEBUG_INFORMATION_FORMAT = dwarf;
				ENABLE_STRICT_OBJC_MSGSEND = YES;
				ENABLE_TESTABILITY = YES;
				GCC_C_LANGUAGE_STANDARD = gnu99;
				GCC_DYNAMIC_NO_PIC = NO;
				GCC_NO_COMMON_BLOCKS = YES;
				GCC_OPTIMIZATION_LEVEL = 0;
				GCC_PREPROCESSOR_DEFINITIONS = (
					"DEBUG=1",
					"$(inherited)",
				);
				GCC_WARN_64_TO_32_BIT_CONVERSION = YES;
				GCC_WARN_ABOUT_RETURN_TYPE = YES_ERROR;
				GCC_WARN_UNDECLARED_SELECTOR = YES;
				GCC_WARN_UNINITIALIZED_AUTOS = YES_AGGRESSIVE;
				GCC_WARN_UNUSED_FUNCTION = YES;
				GCC_WARN_UNUSED_VARIABLE = YES;
				IPHONEOS_DEPLOYMENT_TARGET = 10.0;
				MTL_ENABLE_DEBUG_INFO = YES;
				ONLY_ACTIVE_ARCH = YES;
				SDKROOT = iphoneos;
				SWIFT_ACTIVE_COMPILATION_CONDITIONS = DEBUG;
				SWIFT_OPTIMIZATION_LEVEL = "-Onone";
				TARGETED_DEVICE_FAMILY = "1,2";
			};
			name = Debug;
		};
		FA14FA431DB8653D00423261 /* Release */ = {
			isa = XCBuildConfiguration;
			buildSettings = {
				ALWAYS_SEARCH_USER_PATHS = NO;
				CLANG_ANALYZER_NONNULL = YES;
				CLANG_CXX_LANGUAGE_STANDARD = "gnu++0x";
				CLANG_CXX_LIBRARY = "libc++";
				CLANG_ENABLE_MODULES = YES;
				CLANG_ENABLE_OBJC_ARC = YES;
				CLANG_WARN_BOOL_CONVERSION = YES;
				CLANG_WARN_CONSTANT_CONVERSION = YES;
				CLANG_WARN_DIRECT_OBJC_ISA_USAGE = YES_ERROR;
				CLANG_WARN_DOCUMENTATION_COMMENTS = YES;
				CLANG_WARN_EMPTY_BODY = YES;
				CLANG_WARN_ENUM_CONVERSION = YES;
				CLANG_WARN_INFINITE_RECURSION = YES;
				CLANG_WARN_INT_CONVERSION = YES;
				CLANG_WARN_OBJC_ROOT_CLASS = YES_ERROR;
				CLANG_WARN_SUSPICIOUS_MOVES = YES;
				CLANG_WARN_UNREACHABLE_CODE = YES;
				CLANG_WARN__DUPLICATE_METHOD_MATCH = YES;
				"CODE_SIGN_IDENTITY[sdk=iphoneos*]" = "iPhone Developer";
				COPY_PHASE_STRIP = NO;
				DEBUG_INFORMATION_FORMAT = "dwarf-with-dsym";
				ENABLE_NS_ASSERTIONS = NO;
				ENABLE_STRICT_OBJC_MSGSEND = YES;
				GCC_C_LANGUAGE_STANDARD = gnu99;
				GCC_NO_COMMON_BLOCKS = YES;
				GCC_WARN_64_TO_32_BIT_CONVERSION = YES;
				GCC_WARN_ABOUT_RETURN_TYPE = YES_ERROR;
				GCC_WARN_UNDECLARED_SELECTOR = YES;
				GCC_WARN_UNINITIALIZED_AUTOS = YES_AGGRESSIVE;
				GCC_WARN_UNUSED_FUNCTION = YES;
				GCC_WARN_UNUSED_VARIABLE = YES;
				IPHONEOS_DEPLOYMENT_TARGET = 10.0;
				MTL_ENABLE_DEBUG_INFO = NO;
				SDKROOT = iphoneos;
				SWIFT_OPTIMIZATION_LEVEL = "-Owholemodule";
				TARGETED_DEVICE_FAMILY = "1,2";
				VALIDATE_PRODUCT = YES;
			};
			name = Release;
		};
		FA14FA451DB8653D00423261 /* Debug */ = {
			isa = XCBuildConfiguration;
			buildSettings = {
				ASSETCATALOG_COMPILER_APPICON_NAME = AppIcon;
				DEVELOPMENT_TEAM = 6M6G8U73MP;
				INFOPLIST_FILE = DropBoxDemo/Info.plist;
				IPHONEOS_DEPLOYMENT_TARGET = 8.0;
				LD_RUNPATH_SEARCH_PATHS = "$(inherited) @executable_path/Frameworks";
				PRODUCT_BUNDLE_IDENTIFIER = com.dropBox.DropBoxDemo;
				PRODUCT_NAME = "$(TARGET_NAME)";
				SWIFT_VERSION = 3.0;
				TARGETED_DEVICE_FAMILY = 1;
			};
			name = Debug;
		};
		FA14FA461DB8653D00423261 /* Release */ = {
			isa = XCBuildConfiguration;
			buildSettings = {
				ASSETCATALOG_COMPILER_APPICON_NAME = AppIcon;
				DEVELOPMENT_TEAM = 6M6G8U73MP;
				INFOPLIST_FILE = DropBoxDemo/Info.plist;
				IPHONEOS_DEPLOYMENT_TARGET = 8.0;
				LD_RUNPATH_SEARCH_PATHS = "$(inherited) @executable_path/Frameworks";
				PRODUCT_BUNDLE_IDENTIFIER = com.dropBox.DropBoxDemo;
				PRODUCT_NAME = "$(TARGET_NAME)";
				SWIFT_VERSION = 3.0;
				TARGETED_DEVICE_FAMILY = 1;
			};
			name = Release;
		};
		FA14FA481DB8653D00423261 /* Debug */ = {
			isa = XCBuildConfiguration;
			buildSettings = {
				ALWAYS_EMBED_SWIFT_STANDARD_LIBRARIES = YES;
				BUNDLE_LOADER = "$(TEST_HOST)";
				DEVELOPMENT_TEAM = 6M6G8U73MP;
				INFOPLIST_FILE = DropBoxDemoTests/Info.plist;
				LD_RUNPATH_SEARCH_PATHS = "$(inherited) @executable_path/Frameworks @loader_path/Frameworks";
				PRODUCT_BUNDLE_IDENTIFIER = com.dropBox.DropBoxDemoTests;
				PRODUCT_NAME = "$(TARGET_NAME)";
				SWIFT_VERSION = 3.0;
				TEST_HOST = "$(BUILT_PRODUCTS_DIR)/DropBoxDemo.app/DropBoxDemo";
			};
			name = Debug;
		};
		FA14FA491DB8653D00423261 /* Release */ = {
			isa = XCBuildConfiguration;
			buildSettings = {
				ALWAYS_EMBED_SWIFT_STANDARD_LIBRARIES = YES;
				BUNDLE_LOADER = "$(TEST_HOST)";
				DEVELOPMENT_TEAM = 6M6G8U73MP;
				INFOPLIST_FILE = DropBoxDemoTests/Info.plist;
				LD_RUNPATH_SEARCH_PATHS = "$(inherited) @executable_path/Frameworks @loader_path/Frameworks";
				PRODUCT_BUNDLE_IDENTIFIER = com.dropBox.DropBoxDemoTests;
				PRODUCT_NAME = "$(TARGET_NAME)";
				SWIFT_VERSION = 3.0;
				TEST_HOST = "$(BUILT_PRODUCTS_DIR)/DropBoxDemo.app/DropBoxDemo";
			};
			name = Release;
		};
		FA14FA4B1DB8653D00423261 /* Debug */ = {
			isa = XCBuildConfiguration;
			buildSettings = {
				ALWAYS_EMBED_SWIFT_STANDARD_LIBRARIES = YES;
				DEVELOPMENT_TEAM = 6M6G8U73MP;
				INFOPLIST_FILE = DropBoxDemoUITests/Info.plist;
				LD_RUNPATH_SEARCH_PATHS = "$(inherited) @executable_path/Frameworks @loader_path/Frameworks";
				PRODUCT_BUNDLE_IDENTIFIER = com.dropBox.DropBoxDemoUITests;
				PRODUCT_NAME = "$(TARGET_NAME)";
				SWIFT_VERSION = 3.0;
				TEST_TARGET_NAME = DropBoxDemo;
			};
			name = Debug;
		};
		FA14FA4C1DB8653D00423261 /* Release */ = {
			isa = XCBuildConfiguration;
			buildSettings = {
				ALWAYS_EMBED_SWIFT_STANDARD_LIBRARIES = YES;
				DEVELOPMENT_TEAM = 6M6G8U73MP;
				INFOPLIST_FILE = DropBoxDemoUITests/Info.plist;
				LD_RUNPATH_SEARCH_PATHS = "$(inherited) @executable_path/Frameworks @loader_path/Frameworks";
				PRODUCT_BUNDLE_IDENTIFIER = com.dropBox.DropBoxDemoUITests;
				PRODUCT_NAME = "$(TARGET_NAME)";
				SWIFT_VERSION = 3.0;
				TEST_TARGET_NAME = DropBoxDemo;
			};
			name = Release;
		};
/* End XCBuildConfiguration section */

/* Begin XCConfigurationList section */
		FA14FA171DB8653C00423261 /* Build configuration list for PBXProject "DropBoxDemo" */ = {
			isa = XCConfigurationList;
			buildConfigurations = (
				FA14FA421DB8653D00423261 /* Debug */,
				FA14FA431DB8653D00423261 /* Release */,
			);
			defaultConfigurationIsVisible = 0;
			defaultConfigurationName = Release;
		};
		FA14FA441DB8653D00423261 /* Build configuration list for PBXNativeTarget "DropBoxDemo" */ = {
			isa = XCConfigurationList;
			buildConfigurations = (
				FA14FA451DB8653D00423261 /* Debug */,
				FA14FA461DB8653D00423261 /* Release */,
			);
			defaultConfigurationIsVisible = 0;
			defaultConfigurationName = Release;
		};
		FA14FA471DB8653D00423261 /* Build configuration list for PBXNativeTarget "DropBoxDemoTests" */ = {
			isa = XCConfigurationList;
			buildConfigurations = (
				FA14FA481DB8653D00423261 /* Debug */,
				FA14FA491DB8653D00423261 /* Release */,
			);
			defaultConfigurationIsVisible = 0;
			defaultConfigurationName = Release;
		};
		FA14FA4A1DB8653D00423261 /* Build configuration list for PBXNativeTarget "DropBoxDemoUITests" */ = {
			isa = XCConfigurationList;
			buildConfigurations = (
				FA14FA4B1DB8653D00423261 /* Debug */,
				FA14FA4C1DB8653D00423261 /* Release */,
			);
			defaultConfigurationIsVisible = 0;
			defaultConfigurationName = Release;
		};
/* End XCConfigurationList section */
	};
	rootObject = FA14FA141DB8653C00423261 /* Project object */;
}
